{
  "name": "CodeHive",
  "lockfileVersion": 3,
  "requires": true,
  "packages": {
    "": {
      "dependencies": {
        "lucide": "^0.294.0"
      }
    },
    "node_modules/lucide": {
      "version": "0.294.0",
      "resolved": "https://registry.npmjs.org/lucide/-/lucide-0.294.0.tgz",
      "integrity": "sha512-6qMSsvJBE+/j+inFUIyowoyqitSntt2oKjXyew/S6Y2ZGdaLQ0ktNGtkDk3LqTVlwfAWGAWvFxUsLYI8tmt3Hw=="
    }
  }
}
